github.com/deckarep/golang-set v0.0.0-20160220235750-1f0f4ff8d3fb h1:Y7ICBPPSDvbtoz39GfH3nrQHpfC5CeqBWBBRebPazRw=
github.com/deckarep/golang-set v0.0.0-20160220235750-1f0f4ff8d3fb/go.mod h1:93vsz/8Wt4joVM7c2AVqh+YRMiUSc14yDtF28KmMOgQ=
github.com/fatih/color v1.0.0 h1:4zdNjpoprR9fed2QRCPb2VTPU4UFXEtJc9Vc+sgXkaQ=
github.com/fatih/color v1.0.0/go.mod h1:Zm6kSWBoL9eyXnKyktHP6abPY2pDugNf5KwzbycvMj4=
github.com/go-errors/errors v1.4.1-0.20210806162005-67e195e4c6a4 h1:J3FCbqADahW72DpSI8+H+zldMrf7CfACLN/MFdWxrSY=
github.com/go-errors/errors v1.4.1-0.20210806162005-67e195e4c6a4/go.mod h1:sIVyrIiJhuEF+Pj9Ebtd6P/rEYROXFi3BopGUQ5a5Og=
github.com/mattn/go-colorable v0.0.4 h1:g1xCGgHkuL4Ec7in+UFw1PUz/35aWcj1NnEFW0wiiQE=
github.com/mattn/go-colorable v0.0.4/go.mod h1:9vuHe8Xs5qXnSaW/c/ABM9alt+Vo+STaOChaDxuIBZU=
github.com/mattn/go-isatty v0.0.0-20160806122752-66b8e73f3f5c h1:3nKFouDdpgGUV/uerJcYWH45ZbJzX0SiVWfTgmUeTzc=
github.com/mattn/go-isatty v0.0.0-20160806122752-66b8e73f3f5c/go.mod h1:M+lRXTBqGeGNdLjl/ufCoiOlB5xdOkqRJdNxMWT7Zi4=
github.com/pkg/xattr v0.0.0-20160813101438-6c6c9802872b h1:ZtJS7tDafoIc6pgmfEiBbTmC49WtLU+yUH/gtMJ7DkQ=
github.com/pkg/xattr v0.0.0-20160813101438-6c6c9802872b/go.mod h1:wuo6utqb0b/WNJYm0fQyg57cKpORNfpX2lY6Ew6+Grg=
github.com/ushis/m3u v0.0.0-20150127162843-94396b784733 h1:m4zGEkIeft/gfUs469WS/gB6NT3RtkG8zQrOvCOzovE=
github.com/ushis/m3u v0.0.0-20150127162843-94396b784733/go.mod h1:/w56gU05vgM74JSy2/xFy6tUQ9vJBMiciHNvyIEU1UY=
golang.org/x/sys v0.0.0-20160907145946-30de6d19a3bd h1:623bV31oLOV7UxfAiittr+7N1SmYu2sKBBQnm0dFJp4=
golang.org/x/sys v0.0.0-20160907145946-30de6d19a3bd/go.mod h1:STP8DvDyc/dI5b8T5hshtkjS+E42TnysNCUPdjciGhY=
golang.org/x/text v0.0.0-20160429144731-bd1c9905f55d h1:1ZtsiovevpRe0Y+TKLJAUUKDpbZct7zwGT9DFCqNna8=
golang.org/x/text v0.0.0-20160429144731-bd1c9905f55d/go.mod h1:NqM8EUOU14njkJ3fqMW+pc6Ldnwhi/IjpwHt7yyuwOQ=
gopkg.in/cheggaaa/pb.v1 v1.0.5 h1:22PAe3AupNuZRZctScXN6sQdv92jWcfQ0tUnekWf4k0=
gopkg.in/cheggaaa/pb.v1 v1.0.5/go.mod h1:V/YB90LKu/1FcN3WVnfiiE5oMCibMjukxqG/qStrOgw=
